
Microsoft Visual Studio Solution File, Format Version 12.00
# Visual Studio Version 17
VisualStudioVersion = 17.13.35913.81 d17.13
MinimumVisualStudioVersion = 10.0.40219.1
Project("{FAE04EC0-301F-11D3-BF4B-00C04F79EFBC}") = "IBEX-Scraper-API", "IBEX-Scraper-API\IBEX-Scraper-API.csproj", "{639DDD2A-AF8B-4A74-95D5-AB41C00F3A53}"
EndProject
Global
	GlobalSection(SolutionConfigurationPlatforms) = preSolution
		Debug|Any CPU = Debug|Any CPU
		Release|Any CPU = Release|Any CPU
	EndGlobalSection
	GlobalSection(ProjectConfigurationPlatforms) = postSolution
		{639DDD2A-AF8B-4A74-95D5-AB41C00F3A53}.Debug|Any CPU.ActiveCfg = Debug|Any CPU
		{639DDD2A-AF8B-4A74-95D5-AB41C00F3A53}.Debug|Any CPU.Build.0 = Debug|Any CPU
		{639DDD2A-AF8B-4A74-95D5-AB41C00F3A53}.Release|Any CPU.ActiveCfg = Release|Any CPU
		{639DDD2A-AF8B-4A74-95D5-AB41C00F3A53}.Release|Any CPU.Build.0 = Release|Any CPU
	EndGlobalSection
	GlobalSection(SolutionProperties) = preSolution
		HideSolutionNode = FALSE
	EndGlobalSection
	GlobalSection(ExtensibilityGlobals) = postSolution
		SolutionGuid = {F40D5BC5-E9BF-412F-A13D-1443C561148D}
	EndGlobalSection
EndGlobal
